<Solution>
  <Folder Name="/mcp/">
    <Project Path="mcp/ProjectName.Mcp.Filesystem/ProjectName.Mcp.Filesystem.csproj" />
    <Project Path="mcp/ProjectName.Mcp.Playwright/ProjectName.Mcp.Playwright.csproj" />
    <Project Path="mcp/ProjectName.Mcp.Terminal/ProjectName.Mcp.Terminal.csproj" />
  </Folder>
  <Folder Name="/src/">
    <Project Path="src/ProjectName.OrchestratorService/ProjectName.OrchestratorService.csproj" />
    <Project Path="src/ProjectName.ServiceDefaults/ProjectName.ServiceDefaults.csproj" />
  </Folder>
</Solution>
